// !$*UTF8*$!
{
	archiveVersion = 1;
	classes = {};
	objectVersion = 77;
	objects = {
		A10000000000000000000001 = {isa = PBXBuildFile; fileRef = A10000000000000000000002; };
		A10000000000000000000002 = {isa = PBXFileReference; lastKnownFileType = sourcecode.swift; path = ScholiumUITests.swift; sourceTree = "<group>"; };
		A10000000000000000000003 = {isa = PBXFileReference; explicitFileType = wrapper.cfbundle; includeInIndex = 0; path = ScholiumUITests.xctest; sourceTree = BUILT_PRODUCTS_DIR; };
		A10000000000000000000004 = {isa = PBXGroup; children = (A10000000000000000000005, A10000000000000000000006); sourceTree = "<group>"; };
		A10000000000000000000005 = {isa = PBXGroup; children = (A10000000000000000000002); path = UITests; sourceTree = "<group>"; };
		A10000000000000000000006 = {isa = PBXGroup; children = (A10000000000000000000003); name = Products; sourceTree = "<group>"; };
		A10000000000000000000007 = {isa = PBXSourcesBuildPhase; buildActionMask = 2147483647; files = (A10000000000000000000001); runOnlyForDeploymentPostprocessing = 0; };
		A10000000000000000000008 = {isa = PBXFrameworksBuildPhase; buildActionMask = 2147483647; files = (); runOnlyForDeploymentPostprocessing = 0; };
		A10000000000000000000009 = {isa = PBXResourcesBuildPhase; buildActionMask = 2147483647; files = (); runOnlyForDeploymentPostprocessing = 0; };
		A1000000000000000000000A = {
			isa = PBXNativeTarget;
			buildConfigurationList = A1000000000000000000000B;
			buildPhases = (A10000000000000000000007, A10000000000000000000008, A10000000000000000000009);
			buildRules = ();
			dependencies = ();
			name = ScholiumUITests;
			productName = ScholiumUITests;
			productReference = A10000000000000000000003;
			productType = "com.apple.product-type.bundle.ui-testing";
		};
		A1000000000000000000000C = {
			isa = PBXProject;
			attributes = {BuildIndependentTargetsInParallel = 1; LastSwiftUpdateCheck = 2660; LastUpgradeCheck = 2660; TargetAttributes = {A1000000000000000000000A = {CreatedOnToolsVersion = 26.6; }; }; };
			buildConfigurationList = A1000000000000000000000D;
			compatibilityVersion = "Xcode 16.0";
			developmentRegion = en;
			hasScannedForEncodings = 0;
			knownRegions = (en, Base);
			mainGroup = A10000000000000000000004;
			productRefGroup = A10000000000000000000006;
			projectDirPath = "";
			projectRoot = "";
			targets = (A1000000000000000000000A);
		};
		A1000000000000000000000B = {isa = XCConfigurationList; buildConfigurations = (A1000000000000000000000E, A1000000000000000000000F); defaultConfigurationIsVisible = 0; defaultConfigurationName = Release; };
		A1000000000000000000000D = {isa = XCConfigurationList; buildConfigurations = (A10000000000000000000010, A10000000000000000000011); defaultConfigurationIsVisible = 0; defaultConfigurationName = Release; };
		A1000000000000000000000E = {isa = XCBuildConfiguration; buildSettings = {ALWAYS_SEARCH_USER_PATHS = NO; CODE_SIGN_STYLE = Automatic; GENERATE_INFOPLIST_FILE = YES; MACOSX_DEPLOYMENT_TARGET = 14.0; PRODUCT_BUNDLE_IDENTIFIER = com.scholium.qa.uitests; PRODUCT_NAME = "$(TARGET_NAME)"; SDKROOT = macosx; SWIFT_VERSION = 6.0; TEST_TARGET_NAME = ""; }; name = Debug; };
		A1000000000000000000000F = {isa = XCBuildConfiguration; buildSettings = {ALWAYS_SEARCH_USER_PATHS = NO; CODE_SIGN_STYLE = Automatic; GENERATE_INFOPLIST_FILE = YES; MACOSX_DEPLOYMENT_TARGET = 14.0; PRODUCT_BUNDLE_IDENTIFIER = com.scholium.qa.uitests; PRODUCT_NAME = "$(TARGET_NAME)"; SDKROOT = macosx; SWIFT_VERSION = 6.0; TEST_TARGET_NAME = ""; }; name = Release; };
		A10000000000000000000010 = {isa = XCBuildConfiguration; buildSettings = {ALWAYS_SEARCH_USER_PATHS = NO; MACOSX_DEPLOYMENT_TARGET = 14.0; SDKROOT = macosx; }; name = Debug; };
		A10000000000000000000011 = {isa = XCBuildConfiguration; buildSettings = {ALWAYS_SEARCH_USER_PATHS = NO; MACOSX_DEPLOYMENT_TARGET = 14.0; SDKROOT = macosx; }; name = Release; };
	};
	rootObject = A1000000000000000000000C;
}
